// !$*UTF8*$!
{
	archiveVersion = 1;
	classes = {
	};
	objectVersion = 46;
	objects = {

/* Begin PBXBuildFile section */
		DED8FE061A3A73AA00FB8908 /* main.m in Sources */ = {isa = PBXBuildFile; fileRef = DED8FE051A3A73AA00FB8908 /* main.m */; };
		DED8FE091A3A73AA00FB8908 /* AppDelegate.m in Sources */ = {isa = PBXBuildFile; fileRef = DED8FE081A3A73AA00FB8908 /* AppDelegate.m */; };
		DED8FE0C1A3A73AA00FB8908 /* ViewController.m in Sources */ = {isa = PBXBuildFile; fileRef = DED8FE0B1A3A73AA00FB8908 /* ViewController.m */; };
		DED8FE0F1A3A73AA00FB8908 /* Main.storyboard in Resources */ = {isa = PBXBuildFile; fileRef = DED8FE0D1A3A73AA00FB8908 /* Main.storyboard */; };
		DED8FE111A3A73AA00FB8908 /* Images.xcassets in Resources */ = {isa = PBXBuildFile; fileRef = DED8FE101A3A73AA00FB8908 /* Images.xcassets */; };
		DED8FE141A3A73AA00FB8908 /* LaunchScreen.xib in Resources */ = {isa = PBXBuildFile; fileRef = DED8FE121A3A73AA00FB8908 /* LaunchScreen.xib */; };
		DED8FE201A3A73AA00FB8908 /* TwitterInstantTests.m in Sources */ = {isa = PBXBuildFile; fileRef = DED8FE1F1A3A73AA00FB8908 /* TwitterInstantTests.m */; };
/* End PBXBuildFile section */

/* Begin PBXContainerItemProxy section */
		DED8FE1A1A3A73AA00FB8908 /* PBXContainerItemProxy */ = {
			isa = PBXContainerItemProxy;
			containerPortal = DED8FDF81A3A73AA00FB8908 /* Project object */;
			proxyType = 1;
			remoteGlobalIDString = DED8FDFF1A3A73AA00FB8908;
			remoteInfo = TwitterInstant;
		};
/* End PBXContainerItemProxy section */

/* Begin PBXFileReference section */
		DED8FE001A3A73AA00FB8908 /* TwitterInstant.app */ = {isa = PBXFileReference; explicitFileType = wrapper.application; includeInIndex = 0; path = TwitterInstant.app; sourceTree = BUILT_PRODUCTS_DIR; };
		DED8FE041A3A73AA00FB8908 /* Info.plist */ = {isa = PBXFileReference; lastKnownFileType = text.plist.xml; path = Info.plist; sourceTree = "<group>"; };
		DED8FE051A3A73AA00FB8908 /* main.m */ = {isa = PBXFileReference; lastKnownFileType = sourcecode.c.objc; path = main.m; sourceTree = "<group>"; };
		DED8FE071A3A73AA00FB8908 /* AppDelegate.h */ = {isa = PBXFileReference; lastKnownFileType = sourcecode.c.h; path = AppDelegate.h; sourceTree = "<group>"; };
		DED8FE081A3A73AA00FB8908 /* AppDelegate.m */ = {isa = PBXFileReference; lastKnownFileType = sourcecode.c.objc; path = AppDelegate.m; sourceTree = "<group>"; };
		DED8FE0A1A3A73AA00FB8908 /* ViewController.h */ = {isa = PBXFileReference; lastKnownFileType = sourcecode.c.h; path = ViewController.h; sourceTree = "<group>"; };
		DED8FE0B1A3A73AA00FB8908 /* ViewController.m */ = {isa = PBXFileReference; lastKnownFileType = sourcecode.c.objc; path = ViewController.m; sourceTree = "<group>"; };
		DED8FE0E1A3A73AA00FB8908 /* Base */ = {isa = PBXFileReference; lastKnownFileType = file.storyboard; name = Base; path = Base.lproj/Main.storyboard; sourceTree = "<group>"; };
		DED8FE101A3A73AA00FB8908 /* Images.xcassets */ = {isa = PBXFileReference; lastKnownFileType = folder.assetcatalog; path = Images.xcassets; sourceTree = "<group>"; };
		DED8FE131A3A73AA00FB8908 /* Base */ = {isa = PBXFileReference; lastKnownFileType = file.xib; name = Base; path = Base.lproj/LaunchScreen.xib; sourceTree = "<group>"; };
		DED8FE191A3A73AA00FB8908 /* TwitterInstantTests.xctest */ = {isa = PBXFileReference; explicitFileType = wrapper.cfbundle; includeInIndex = 0; path = TwitterInstantTests.xctest; sourceTree = BUILT_PRODUCTS_DIR; };
		DED8FE1E1A3A73AA00FB8908 /* Info.plist */ = {isa = PBXFileReference; lastKnownFileType = text.plist.xml; path = Info.plist; sourceTree = "<group>"; };
		DED8FE1F1A3A73AA00FB8908 /* TwitterInstantTests.m */ = {isa = PBXFileReference; lastKnownFileType = sourcecode.c.objc; path = TwitterInstantTests.m; sourceTree = "<group>"; };
/* End PBXFileReference section */

/* Begin PBXFrameworksBuildPhase section */
		DED8FDFD1A3A73AA00FB8908 /* Frameworks */ = {
			isa = PBXFrameworksBuildPhase;
			buildActionMask = 2147483647;
			files = (
			);
			runOnlyForDeploymentPostprocessing = 0;
		};
		DED8FE161A3A73AA00FB8908 /* Frameworks */ = {
			isa = PBXFrameworksBuildPhase;
			buildActionMask = 2147483647;
			files = (
			);
			runOnlyForDeploymentPostprocessing = 0;
		};
/* End PBXFrameworksBuildPhase section */

/* Begin PBXGroup section */
		DED8FDF71A3A73AA00FB8908 = {
			isa = PBXGroup;
			children = (
				DED8FE021A3A73AA00FB8908 /* TwitterInstant */,
				DED8FE1C1A3A73AA00FB8908 /* TwitterInstantTests */,
				DED8FE011A3A73AA00FB8908 /* Products */,
			);
			sourceTree = "<group>";
		};
		DED8FE011A3A73AA00FB8908 /* Products */ = {
			isa = PBXGroup;
			children = (
				DED8FE001A3A73AA00FB8908 /* TwitterInstant.app */,
				DED8FE191A3A73AA00FB8908 /* TwitterInstantTests.xctest */,
			);
			name = Products;
			sourceTree = "<group>";
		};
		DED8FE021A3A73AA00FB8908 /* TwitterInstant */ = {
			isa = PBXGroup;
			children = (
				DED8FE071A3A73AA00FB8908 /* AppDelegate.h */,
				DED8FE081A3A73AA00FB8908 /* AppDelegate.m */,
				DED8FE0A1A3A73AA00FB8908 /* ViewController.h */,
				DED8FE0B1A3A73AA00FB8908 /* ViewController.m */,
				DED8FE0D1A3A73AA00FB8908 /* Main.storyboard */,
				DED8FE101A3A73AA00FB8908 /* Images.xcassets */,
				DED8FE121A3A73AA00FB8908 /* LaunchScreen.xib */,
				DED8FE031A3A73AA00FB8908 /* Supporting Files */,
			);
			path = TwitterInstant;
			sourceTree = "<group>";
		};
		DED8FE031A3A73AA00FB8908 /* Supporting Files */ = {
			isa = PBXGroup;
			children = (
				DED8FE041A3A73AA00FB8908 /* Info.plist */,
				DED8FE051A3A73AA00FB8908 /* main.m */,
			);
			name = "Supporting Files";
			sourceTree = "<group>";
		};
		DED8FE1C1A3A73AA00FB8908 /* TwitterInstantTests */ = {
			isa = PBXGroup;
			children = (
				DED8FE1F1A3A73AA00FB8908 /* TwitterInstantTests.m */,
				DED8FE1D1A3A73AA00FB8908 /* Supporting Files */,
			);
			path = TwitterInstantTests;
			sourceTree = "<group>";
		};
		DED8FE1D1A3A73AA00FB8908 /* Supporting Files */ = {
			isa = PBXGroup;
			children = (
				DED8FE1E1A3A73AA00FB8908 /* Info.plist */,
			);
			name = "Supporting Files";
			sourceTree = "<group>";
		};
/* End PBXGroup section */

/* Begin PBXNativeTarget section */
		DED8FDFF1A3A73AA00FB8908 /* TwitterInstant */ = {
			isa = PBXNativeTarget;
			buildConfigurationList = DED8FE231A3A73AA00FB8908 /* Build configuration list for PBXNativeTarget "TwitterInstant" */;
			buildPhases = (
				DED8FDFC1A3A73AA00FB8908 /* Sources */,
				DED8FDFD1A3A73AA00FB8908 /* Frameworks */,
				DED8FDFE1A3A73AA00FB8908 /* Resources */,
			);
			buildRules = (
			);
			dependencies = (
			);
			name = TwitterInstant;
			productName = TwitterInstant;
			productReference = DED8FE001A3A73AA00FB8908 /* TwitterInstant.app */;
			productType = "com.apple.product-type.application";
		};
		DED8FE181A3A73AA00FB8908 /* TwitterInstantTests */ = {
			isa = PBXNativeTarget;
			buildConfigurationList = DED8FE261A3A73AA00FB8908 /* Build configuration list for PBXNativeTarget "TwitterInstantTests" */;
			buildPhases = (
				DED8FE151A3A73AA00FB8908 /* Sources */,
				DED8FE161A3A73AA00FB8908 /* Frameworks */,
				DED8FE171A3A73AA00FB8908 /* Resources */,
			);
			buildRules = (
			);
			dependencies = (
				DED8FE1B1A3A73AA00FB8908 /* PBXTargetDependency */,
			);
			name = TwitterInstantTests;
			productName = TwitterInstantTests;
			productReference = DED8FE191A3A73AA00FB8908 /* TwitterInstantTests.xctest */;
			productType = "com.apple.product-type.bundle.unit-test";
		};
/* End PBXNativeTarget section */

/* Begin PBXProject section */
		DED8FDF81A3A73AA00FB8908 /* Project object */ = {
			isa = PBXProject;
			attributes = {
				LastUpgradeCheck = 0610;
				ORGANIZATIONNAME = "Beepscore LLC";
				TargetAttributes = {
					DED8FDFF1A3A73AA00FB8908 = {
						CreatedOnToolsVersion = 6.1.1;
					};
					DED8FE181A3A73AA00FB8908 = {
						CreatedOnToolsVersion = 6.1.1;
						TestTargetID = DED8FDFF1A3A73AA00FB8908;
					};
				};
			};
			buildConfigurationList = DED8FDFB1A3A73AA00FB8908 /* Build configuration list for PBXProject "TwitterInstant" */;
			compatibilityVersion = "Xcode 3.2";
			developmentRegion = English;
			hasScannedForEncodings = 0;
			knownRegions = (
				en,
				Base,
			);
			mainGroup = DED8FDF71A3A73AA00FB8908;
			productRefGroup = DED8FE011A3A73AA00FB8908 /* Products */;
			projectDirPath = "";
			projectRoot = "";
			targets = (
				DED8FDFF1A3A73AA00FB8908 /* TwitterInstant */,
				DED8FE181A3A73AA00FB8908 /* TwitterInstantTests */,
			);
		};
/* End PBXProject section */

/* Begin PBXResourcesBuildPhase section */
		DED8FDFE1A3A73AA00FB8908 /* Resources */ = {
			isa = PBXResourcesBuildPhase;
			buildActionMask = 2147483647;
			files = (
				DED8FE0F1A3A73AA00FB8908 /* Main.storyboard in Resources */,
				DED8FE141A3A73AA00FB8908 /* LaunchScreen.xib in Resources */,
				DED8FE111A3A73AA00FB8908 /* Images.xcassets in Resources */,
			);
			runOnlyForDeploymentPostprocessing = 0;
		};
		DED8FE171A3A73AA00FB8908 /* Resources */ = {
			isa = PBXResourcesBuildPhase;
			buildActionMask = 2147483647;
			files = (
			);
			runOnlyForDeploymentPostprocessing = 0;
		};
/* End PBXResourcesBuildPhase section */

/* Begin PBXSourcesBuildPhase section */
		DED8FDFC1A3A73AA00FB8908 /* Sources */ = {
			isa = PBXSourcesBuildPhase;
			buildActionMask = 2147483647;
			files = (
				DED8FE0C1A3A73AA00FB8908 /* ViewController.m in Sources */,
				DED8FE091A3A73AA00FB8908 /* AppDelegate.m in Sources */,
				DED8FE061A3A73AA00FB8908 /* main.m in Sources */,
			);
			runOnlyForDeploymentPostprocessing = 0;
		};
		DED8FE151A3A73AA00FB8908 /* Sources */ = {
			isa = PBXSourcesBuildPhase;
			buildActionMask = 2147483647;
			files = (
				DED8FE201A3A73AA00FB8908 /* TwitterInstantTests.m in Sources */,
			);
			runOnlyForDeploymentPostprocessing = 0;
		};
/* End PBXSourcesBuildPhase section */

/* Begin PBXTargetDependency section */
		DED8FE1B1A3A73AA00FB8908 /* PBXTargetDependency */ = {
			isa = PBXTargetDependency;
			target = DED8FDFF1A3A73AA00FB8908 /* TwitterInstant */;
			targetProxy = DED8FE1A1A3A73AA00FB8908 /* PBXContainerItemProxy */;
		};
/* End PBXTargetDependency section */

/* Begin PBXVariantGroup section */
		DED8FE0D1A3A73AA00FB8908 /* Main.storyboard */ = {
			isa = PBXVariantGroup;
			children = (
				DED8FE0E1A3A73AA00FB8908 /* Base */,
			);
			name = Main.storyboard;
			sourceTree = "<group>";
		};
		DED8FE121A3A73AA00FB8908 /* LaunchScreen.xib */ = {
			isa = PBXVariantGroup;
			children = (
				DED8FE131A3A73AA00FB8908 /* Base */,
			);
			name = LaunchScreen.xib;
			sourceTree = "<group>";
		};
/* End PBXVariantGroup section */

/* Begin XCBuildConfiguration section */
		DED8FE211A3A73AA00FB8908 /* Debug */ = {
			isa = XCBuildConfiguration;
			buildSettings = {
				ALWAYS_SEARCH_USER_PATHS = NO;
				CLANG_CXX_LANGUAGE_STANDARD = "gnu++0x";
				CLANG_CXX_LIBRARY = "libc++";
				CLANG_ENABLE_MODULES = YES;
				CLANG_ENABLE_OBJC_ARC = YES;
				CLANG_WARN_BOOL_CONVERSION = YES;
				CLANG_WARN_CONSTANT_CONVERSION = YES;
				CLANG_WARN_DIRECT_OBJC_ISA_USAGE = YES_ERROR;
				CLANG_WARN_EMPTY_BODY = YES;
				CLANG_WARN_ENUM_CONVERSION = YES;
				CLANG_WARN_INT_CONVERSION = YES;
				CLANG_WARN_OBJC_ROOT_CLASS = YES_ERROR;
				CLANG_WARN_UNREACHABLE_CODE = YES;
				CLANG_WARN__DUPLICATE_METHOD_MATCH = YES;
				"CODE_SIGN_IDENTITY[sdk=iphoneos*]" = "iPhone Developer";
				COPY_PHASE_STRIP = NO;
				ENABLE_STRICT_OBJC_MSGSEND = YES;
				GCC_C_LANGUAGE_STANDARD = gnu99;
				GCC_DYNAMIC_NO_PIC = NO;
				GCC_OPTIMIZATION_LEVEL = 0;
				GCC_PREPROCESSOR_DEFINITIONS = (
					"DEBUG=1",
					"$(inherited)",
				);
				GCC_SYMBOLS_PRIVATE_EXTERN = NO;
				GCC_WARN_64_TO_32_BIT_CONVERSION = YES;
				GCC_WARN_ABOUT_RETURN_TYPE = YES_ERROR;
				GCC_WARN_UNDECLARED_SELECTOR = YES;
				GCC_WARN_UNINITIALIZED_AUTOS = YES_AGGRESSIVE;
				GCC_WARN_UNUSED_FUNCTION = YES;
				GCC_WARN_UNUSED_VARIABLE = YES;
				IPHONEOS_DEPLOYMENT_TARGET = 8.1;
				MTL_ENABLE_DEBUG_INFO = YES;
				ONLY_ACTIVE_ARCH = YES;
				SDKROOT = iphoneos;
			};
			name = Debug;
		};
		DED8FE221A3A73AA00FB8908 /* Release */ = {
			isa = XCBuildConfiguration;
			buildSettings = {
				ALWAYS_SEARCH_USER_PATHS = NO;
				CLANG_CXX_LANGUAGE_STANDARD = "gnu++0x";
				CLANG_CXX_LIBRARY = "libc++";
				CLANG_ENABLE_MODULES = YES;
				CLANG_ENABLE_OBJC_ARC = YES;
				CLANG_WARN_BOOL_CONVERSION = YES;
				CLANG_WARN_CONSTANT_CONVERSION = YES;
				CLANG_WARN_DIRECT_OBJC_ISA_USAGE = YES_ERROR;
				CLANG_WARN_EMPTY_BODY = YES;
				CLANG_WARN_ENUM_CONVERSION = YES;
				CLANG_WARN_INT_CONVERSION = YES;
				CLANG_WARN_OBJC_ROOT_CLASS = YES_ERROR;
				CLANG_WARN_UNREACHABLE_CODE = YES;
				CLANG_WARN__DUPLICATE_METHOD_MATCH = YES;
				"CODE_SIGN_IDENTITY[sdk=iphoneos*]" = "iPhone Developer";
				COPY_PHASE_STRIP = YES;
				ENABLE_NS_ASSERTIONS = NO;
				ENABLE_STRICT_OBJC_MSGSEND = YES;
				GCC_C_LANGUAGE_STANDARD = gnu99;
				GCC_WARN_64_TO_32_BIT_CONVERSION = YES;
				GCC_WARN_ABOUT_RETURN_TYPE = YES_ERROR;
				GCC_WARN_UNDECLARED_SELECTOR = YES;
				GCC_WARN_UNINITIALIZED_AUTOS = YES_AGGRESSIVE;
				GCC_WARN_UNUSED_FUNCTION = YES;
				GCC_WARN_UNUSED_VARIABLE = YES;
				IPHONEOS_DEPLOYMENT_TARGET = 8.1;
				MTL_ENABLE_DEBUG_INFO = NO;
				SDKROOT = iphoneos;
				VALIDATE_PRODUCT = YES;
			};
			name = Release;
		};
		DED8FE241A3A73AA00FB8908 /* Debug */ = {
			isa = XCBuildConfiguration;
			buildSettings = {
				ASSETCATALOG_COMPILER_APPICON_NAME = AppIcon;
				INFOPLIST_FILE = TwitterInstant/Info.plist;
				LD_RUNPATH_SEARCH_PATHS = "$(inherited) @executable_path/Frameworks";
				PRODUCT_NAME = "$(TARGET_NAME)";
			};
			name = Debug;
		};
		DED8FE251A3A73AA00FB8908 /* Release */ = {
			isa = XCBuildConfiguration;
			buildSettings = {
				ASSETCATALOG_COMPILER_APPICON_NAME = AppIcon;
				INFOPLIST_FILE = TwitterInstant/Info.plist;
				LD_RUNPATH_SEARCH_PATHS = "$(inherited) @executable_path/Frameworks";
				PRODUCT_NAME = "$(TARGET_NAME)";
			};
			name = Release;
		};
		DED8FE271A3A73AA00FB8908 /* Debug */ = {
			isa = XCBuildConfiguration;
			buildSettings = {
				BUNDLE_LOADER = "$(TEST_HOST)";
				FRAMEWORK_SEARCH_PATHS = (
					"$(SDKROOT)/Developer/Library/Frameworks",
					"$(inherited)",
				);
				GCC_PREPROCESSOR_DEFINITIONS = (
					"DEBUG=1",
					"$(inherited)",
				);
				INFOPLIST_FILE = TwitterInstantTests/Info.plist;
				LD_RUNPATH_SEARCH_PATHS = "$(inherited) @executable_path/Frameworks @loader_path/Frameworks";
				PRODUCT_NAME = "$(TARGET_NAME)";
				TEST_HOST = "$(BUILT_PRODUCTS_DIR)/TwitterInstant.app/TwitterInstant";
			};
			name = Debug;
		};
		DED8FE281A3A73AA00FB8908 /* Release */ = {
			isa = XCBuildConfiguration;
			buildSettings = {
				BUNDLE_LOADER = "$(TEST_HOST)";
				FRAMEWORK_SEARCH_PATHS = (
					"$(SDKROOT)/Developer/Library/Frameworks",
					"$(inherited)",
				);
				INFOPLIST_FILE = TwitterInstantTests/Info.plist;
				LD_RUNPATH_SEARCH_PATHS = "$(inherited) @executable_path/Frameworks @loader_path/Frameworks";
				PRODUCT_NAME = "$(TARGET_NAME)";
				TEST_HOST = "$(BUILT_PRODUCTS_DIR)/TwitterInstant.app/TwitterInstant";
			};
			name = Release;
		};
/* End XCBuildConfiguration section */

/* Begin XCConfigurationList section */
		DED8FDFB1A3A73AA00FB8908 /* Build configuration list for PBXProject "TwitterInstant" */ = {
			isa = XCConfigurationList;
			buildConfigurations = (
				DED8FE211A3A73AA00FB8908 /* Debug */,
				DED8FE221A3A73AA00FB8908 /* Release */,
			);
			defaultConfigurationIsVisible = 0;
			defaultConfigurationName = Release;
		};
		DED8FE231A3A73AA00FB8908 /* Build configuration list for PBXNativeTarget "TwitterInstant" */ = {
			isa = XCConfigurationList;
			buildConfigurations = (
				DED8FE241A3A73AA00FB8908 /* Debug */,
				DED8FE251A3A73AA00FB8908 /* Release */,
			);
			defaultConfigurationIsVisible = 0;
		};
		DED8FE261A3A73AA00FB8908 /* Build configuration list for PBXNativeTarget "TwitterInstantTests" */ = {
			isa = XCConfigurationList;
			buildConfigurations = (
				DED8FE271A3A73AA00FB8908 /* Debug */,
				DED8FE281A3A73AA00FB8908 /* Release */,
			);
			defaultConfigurationIsVisible = 0;
		};
/* End XCConfigurationList section */
	};
	rootObject = DED8FDF81A3A73AA00FB8908 /* Project object */;
}
